
Microsoft Visual Studio Solution File, Format Version 12.00
Project("{FAE04EC0-301F-11D3-BF4B-00C04F79EFBC}") = "ShelterManager.Api", "ShelterManager.Api\ShelterManager.Api.csproj", "{573AAB97-745D-4513-B636-D8B58A974C6D}"
EndProject
Project("{FAE04EC0-301F-11D3-BF4B-00C04F79EFBC}") = "ShelterManager.Core", "ShelterManager.Core\ShelterManager.Core.csproj", "{B09DB9C3-C82A-4CE4-8ECD-4AFC24A15857}"
EndProject
Project("{FAE04EC0-301F-11D3-BF4B-00C04F79EFBC}") = "ShelterManager.Database", "ShelterManager.Database\ShelterManager.Database.csproj", "{F49C639A-3DC9-4D35-ADED-570E465B8635}"
EndProject
Project("{FAE04EC0-301F-11D3-BF4B-00C04F79EFBC}") = "ShelterManager.Services", "ShelterManager.Services\ShelterManager.Services.csproj", "{882D87FE-49E5-47D3-A6D3-0DC0DFD52356}"
EndProject
Global
	GlobalSection(SolutionConfigurationPlatforms) = preSolution
		Debug|Any CPU = Debug|Any CPU
		Release|Any CPU = Release|Any CPU
	EndGlobalSection
	GlobalSection(ProjectConfigurationPlatforms) = postSolution
		{573AAB97-745D-4513-B636-D8B58A974C6D}.Debug|Any CPU.ActiveCfg = Debug|Any CPU
		{573AAB97-745D-4513-B636-D8B58A974C6D}.Debug|Any CPU.Build.0 = Debug|Any CPU
		{573AAB97-745D-4513-B636-D8B58A974C6D}.Release|Any CPU.ActiveCfg = Release|Any CPU
		{573AAB97-745D-4513-B636-D8B58A974C6D}.Release|Any CPU.Build.0 = Release|Any CPU
		{B09DB9C3-C82A-4CE4-8ECD-4AFC24A15857}.Debug|Any CPU.ActiveCfg = Debug|Any CPU
		{B09DB9C3-C82A-4CE4-8ECD-4AFC24A15857}.Debug|Any CPU.Build.0 = Debug|Any CPU
		{B09DB9C3-C82A-4CE4-8ECD-4AFC24A15857}.Release|Any CPU.ActiveCfg = Release|Any CPU
		{B09DB9C3-C82A-4CE4-8ECD-4AFC24A15857}.Release|Any CPU.Build.0 = Release|Any CPU
		{F49C639A-3DC9-4D35-ADED-570E465B8635}.Debug|Any CPU.ActiveCfg = Debug|Any CPU
		{F49C639A-3DC9-4D35-ADED-570E465B8635}.Debug|Any CPU.Build.0 = Debug|Any CPU
		{F49C639A-3DC9-4D35-ADED-570E465B8635}.Release|Any CPU.ActiveCfg = Release|Any CPU
		{F49C639A-3DC9-4D35-ADED-570E465B8635}.Release|Any CPU.Build.0 = Release|Any CPU
		{882D87FE-49E5-47D3-A6D3-0DC0DFD52356}.Debug|Any CPU.ActiveCfg = Debug|Any CPU
		{882D87FE-49E5-47D3-A6D3-0DC0DFD52356}.Debug|Any CPU.Build.0 = Debug|Any CPU
		{882D87FE-49E5-47D3-A6D3-0DC0DFD52356}.Release|Any CPU.ActiveCfg = Release|Any CPU
		{882D87FE-49E5-47D3-A6D3-0DC0DFD52356}.Release|Any CPU.Build.0 = Release|Any CPU
	EndGlobalSection
EndGlobal
